// !$*UTF8*$!
{
	archiveVersion = 1;
	classes = {
	};
	objectVersion = 46;
	objects = {

/* Begin PBXBuildFile section */
		DD0B95291E88B71000DDEA32 /* AppDelegate.swift in Sources */ = {isa = PBXBuildFile; fileRef = DD0B95281E88B71000DDEA32 /* AppDelegate.swift */; };
		DD0B952E1E88B71000DDEA32 /* Main.storyboard in Resources */ = {isa = PBXBuildFile; fileRef = DD0B952C1E88B71000DDEA32 /* Main.storyboard */; };
		DD0B95301E88B71000DDEA32 /* Assets.xcassets in Resources */ = {isa = PBXBuildFile; fileRef = DD0B952F1E88B71000DDEA32 /* Assets.xcassets */; };
		DD0B95331E88B71000DDEA32 /* LaunchScreen.storyboard in Resources */ = {isa = PBXBuildFile; fileRef = DD0B95311E88B71000DDEA32 /* LaunchScreen.storyboard */; };
		DD0B953D1E88B73900DDEA32 /* nextViewController.swift in Sources */ = {isa = PBXBuildFile; fileRef = DD0B953A1E88B73900DDEA32 /* nextViewController.swift */; };
		DD0B953F1E88B73900DDEA32 /* scene1ViewController.swift in Sources */ = {isa = PBXBuildFile; fileRef = DD0B953C1E88B73900DDEA32 /* scene1ViewController.swift */; };
		DDD681F91E88C6B300D07488 /* scene2ViewController.swift in Sources */ = {isa = PBXBuildFile; fileRef = DDD681F81E88C6B300D07488 /* scene2ViewController.swift */; };
/* End PBXBuildFile section */

/* Begin PBXFileReference section */
		DD0B95251E88B71000DDEA32 /* JVNavigationControlScene.app */ = {isa = PBXFileReference; explicitFileType = wrapper.application; includeInIndex = 0; path = JVNavigationControlScene.app; sourceTree = BUILT_PRODUCTS_DIR; };
		DD0B95281E88B71000DDEA32 /* AppDelegate.swift */ = {isa = PBXFileReference; lastKnownFileType = sourcecode.swift; path = AppDelegate.swift; sourceTree = "<group>"; };
		DD0B952D1E88B71000DDEA32 /* Base */ = {isa = PBXFileReference; lastKnownFileType = file.storyboard; name = Base; path = Base.lproj/Main.storyboard; sourceTree = "<group>"; };
		DD0B952F1E88B71000DDEA32 /* Assets.xcassets */ = {isa = PBXFileReference; lastKnownFileType = folder.assetcatalog; path = Assets.xcassets; sourceTree = "<group>"; };
		DD0B95321E88B71000DDEA32 /* Base */ = {isa = PBXFileReference; lastKnownFileType = file.storyboard; name = Base; path = Base.lproj/LaunchScreen.storyboard; sourceTree = "<group>"; };
		DD0B95341E88B71000DDEA32 /* Info.plist */ = {isa = PBXFileReference; lastKnownFileType = text.plist.xml; path = Info.plist; sourceTree = "<group>"; };
		DD0B953A1E88B73900DDEA32 /* nextViewController.swift */ = {isa = PBXFileReference; fileEncoding = 4; lastKnownFileType = sourcecode.swift; path = nextViewController.swift; sourceTree = "<group>"; };
		DD0B953C1E88B73900DDEA32 /* scene1ViewController.swift */ = {isa = PBXFileReference; fileEncoding = 4; lastKnownFileType = sourcecode.swift; path = scene1ViewController.swift; sourceTree = "<group>"; };
		DDD681F81E88C6B300D07488 /* scene2ViewController.swift */ = {isa = PBXFileReference; fileEncoding = 4; lastKnownFileType = sourcecode.swift; path = scene2ViewController.swift; sourceTree = "<group>"; };
/* End PBXFileReference section */

/* Begin PBXFrameworksBuildPhase section */
		DD0B95221E88B71000DDEA32 /* Frameworks */ = {
			isa = PBXFrameworksBuildPhase;
			buildActionMask = 2147483647;
			files = (
			);
			runOnlyForDeploymentPostprocessing = 0;
		};
/* End PBXFrameworksBuildPhase section */

/* Begin PBXGroup section */
		DD0B951C1E88B71000DDEA32 = {
			isa = PBXGroup;
			children = (
				DD0B95271E88B71000DDEA32 /* JVNavigationControlScene */,
				DD0B95261E88B71000DDEA32 /* Products */,
			);
			sourceTree = "<group>";
		};
		DD0B95261E88B71000DDEA32 /* Products */ = {
			isa = PBXGroup;
			children = (
				DD0B95251E88B71000DDEA32 /* JVNavigationControlScene.app */,
			);
			name = Products;
			sourceTree = "<group>";
		};
		DD0B95271E88B71000DDEA32 /* JVNavigationControlScene */ = {
			isa = PBXGroup;
			children = (
				DD0B95281E88B71000DDEA32 /* AppDelegate.swift */,
				DD0B952C1E88B71000DDEA32 /* Main.storyboard */,
				DD0B953A1E88B73900DDEA32 /* nextViewController.swift */,
				DD0B953C1E88B73900DDEA32 /* scene1ViewController.swift */,
				DDD681F81E88C6B300D07488 /* scene2ViewController.swift */,
				DD0B952F1E88B71000DDEA32 /* Assets.xcassets */,
				DD0B95311E88B71000DDEA32 /* LaunchScreen.storyboard */,
				DD0B95341E88B71000DDEA32 /* Info.plist */,
			);
			path = JVNavigationControlScene;
			sourceTree = "<group>";
		};
/* End PBXGroup section */

/* Begin PBXNativeTarget section */
		DD0B95241E88B71000DDEA32 /* JVNavigationControlScene */ = {
			isa = PBXNativeTarget;
			buildConfigurationList = DD0B95371E88B71000DDEA32 /* Build configuration list for PBXNativeTarget "JVNavigationControlScene" */;
			buildPhases = (
				DD0B95211E88B71000DDEA32 /* Sources */,
				DD0B95221E88B71000DDEA32 /* Frameworks */,
				DD0B95231E88B71000DDEA32 /* Resources */,
			);
			buildRules = (
			);
			dependencies = (
			);
			name = JVNavigationControlScene;
			productName = JVNavigationControlScene;
			productReference = DD0B95251E88B71000DDEA32 /* JVNavigationControlScene.app */;
			productType = "com.apple.product-type.application";
		};
/* End PBXNativeTarget section */

/* Begin PBXProject section */
		DD0B951D1E88B71000DDEA32 /* Project object */ = {
			isa = PBXProject;
			attributes = {
				LastSwiftUpdateCheck = 0820;
				LastUpgradeCheck = 0820;
				ORGANIZATIONNAME = Jarvan;
				TargetAttributes = {
					DD0B95241E88B71000DDEA32 = {
						CreatedOnToolsVersion = 8.2.1;
						DevelopmentTeam = 3NLD2967N6;
						ProvisioningStyle = Automatic;
					};
				};
			};
			buildConfigurationList = DD0B95201E88B71000DDEA32 /* Build configuration list for PBXProject "JVNavigationControlScene" */;
			compatibilityVersion = "Xcode 3.2";
			developmentRegion = English;
			hasScannedForEncodings = 0;
			knownRegions = (
				en,
				Base,
			);
			mainGroup = DD0B951C1E88B71000DDEA32;
			productRefGroup = DD0B95261E88B71000DDEA32 /* Products */;
			projectDirPath = "";
			projectRoot = "";
			targets = (
				DD0B95241E88B71000DDEA32 /* JVNavigationControlScene */,
			);
		};
/* End PBXProject section */

/* Begin PBXResourcesBuildPhase section */
		DD0B95231E88B71000DDEA32 /* Resources */ = {
			isa = PBXResourcesBuildPhase;
			buildActionMask = 2147483647;
			files = (
				DD0B95331E88B71000DDEA32 /* LaunchScreen.storyboard in Resources */,
				DD0B95301E88B71000DDEA32 /* Assets.xcassets in Resources */,
				DD0B952E1E88B71000DDEA32 /* Main.storyboard in Resources */,
			);
			runOnlyForDeploymentPostprocessing = 0;
		};
/* End PBXResourcesBuildPhase section */

/* Begin PBXSourcesBuildPhase section */
		DD0B95211E88B71000DDEA32 /* Sources */ = {
			isa = PBXSourcesBuildPhase;
			buildActionMask = 2147483647;
			files = (
				DDD681F91E88C6B300D07488 /* scene2ViewController.swift in Sources */,
				DD0B953D1E88B73900DDEA32 /* nextViewController.swift in Sources */,
				DD0B95291E88B71000DDEA32 /* AppDelegate.swift in Sources */,
				DD0B953F1E88B73900DDEA32 /* scene1ViewController.swift in Sources */,
			);
			runOnlyForDeploymentPostprocessing = 0;
		};
/* End PBXSourcesBuildPhase section */

/* Begin PBXVariantGroup section */
		DD0B952C1E88B71000DDEA32 /* Main.storyboard */ = {
			isa = PBXVariantGroup;
			children = (
				DD0B952D1E88B71000DDEA32 /* Base */,
			);
			name = Main.storyboard;
			sourceTree = "<group>";
		};
		DD0B95311E88B71000DDEA32 /* LaunchScreen.storyboard */ = {
			isa = PBXVariantGroup;
			children = (
				DD0B95321E88B71000DDEA32 /* Base */,
			);
			name = LaunchScreen.storyboard;
			sourceTree = "<group>";
		};
/* End PBXVariantGroup section */

/* Begin XCBuildConfiguration section */
		DD0B95351E88B71000DDEA32 /* Debug */ = {
			isa = XCBuildConfiguration;
			buildSettings = {
				ALWAYS_SEARCH_USER_PATHS = NO;
				CLANG_ANALYZER_NONNULL = YES;
				CLANG_CXX_LANGUAGE_STANDARD = "gnu++0x";
				CLANG_CXX_LIBRARY = "libc++";
				CLANG_ENABLE_MODULES = YES;
				CLANG_ENABLE_OBJC_ARC = YES;
				CLANG_WARN_BOOL_CONVERSION = YES;
				CLANG_WARN_CONSTANT_CONVERSION = YES;
				CLANG_WARN_DIRECT_OBJC_ISA_USAGE = YES_ERROR;
				CLANG_WARN_DOCUMENTATION_COMMENTS = YES;
				CLANG_WARN_EMPTY_BODY = YES;
				CLANG_WARN_ENUM_CONVERSION = YES;
				CLANG_WARN_INFINITE_RECURSION = YES;
				CLANG_WARN_INT_CONVERSION = YES;
				CLANG_WARN_OBJC_ROOT_CLASS = YES_ERROR;
				CLANG_WARN_SUSPICIOUS_MOVE = YES;
				CLANG_WARN_UNREACHABLE_CODE = YES;
				CLANG_WARN__DUPLICATE_METHOD_MATCH = YES;
				"CODE_SIGN_IDENTITY[sdk=iphoneos*]" = "iPhone Developer";
				COPY_PHASE_STRIP = NO;
				DEBUG_INFORMATION_FORMAT = dwarf;
				ENABLE_STRICT_OBJC_MSGSEND = YES;
				ENABLE_TESTABILITY = YES;
				GCC_C_LANGUAGE_STANDARD = gnu99;
				GCC_DYNAMIC_NO_PIC = NO;
				GCC_NO_COMMON_BLOCKS = YES;
				GCC_OPTIMIZATION_LEVEL = 0;
				GCC_PREPROCESSOR_DEFINITIONS = (
					"DEBUG=1",
					"$(inherited)",
				);
				GCC_WARN_64_TO_32_BIT_CONVERSION = YES;
				GCC_WARN_ABOUT_RETURN_TYPE = YES_ERROR;
				GCC_WARN_UNDECLARED_SELECTOR = YES;
				GCC_WARN_UNINITIALIZED_AUTOS = YES_AGGRESSIVE;
				GCC_WARN_UNUSED_FUNCTION = YES;
				GCC_WARN_UNUSED_VARIABLE = YES;
				IPHONEOS_DEPLOYMENT_TARGET = 10.2;
				MTL_ENABLE_DEBUG_INFO = YES;
				ONLY_ACTIVE_ARCH = YES;
				SDKROOT = iphoneos;
				SWIFT_ACTIVE_COMPILATION_CONDITIONS = DEBUG;
				SWIFT_OPTIMIZATION_LEVEL = "-Onone";
				TARGETED_DEVICE_FAMILY = "1,2";
			};
			name = Debug;
		};
		DD0B95361E88B71000DDEA32 /* Release */ = {
			isa = XCBuildConfiguration;
			buildSettings = {
				ALWAYS_SEARCH_USER_PATHS = NO;
				CLANG_ANALYZER_NONNULL = YES;
				CLANG_CXX_LANGUAGE_STANDARD = "gnu++0x";
				CLANG_CXX_LIBRARY = "libc++";
				CLANG_ENABLE_MODULES = YES;
				CLANG_ENABLE_OBJC_ARC = YES;
				CLANG_WARN_BOOL_CONVERSION = YES;
				CLANG_WARN_CONSTANT_CONVERSION = YES;
				CLANG_WARN_DIRECT_OBJC_ISA_USAGE = YES_ERROR;
				CLANG_WARN_DOCUMENTATION_COMMENTS = YES;
				CLANG_WARN_EMPTY_BODY = YES;
				CLANG_WARN_ENUM_CONVERSION = YES;
				CLANG_WARN_INFINITE_RECURSION = YES;
				CLANG_WARN_INT_CONVERSION = YES;
				CLANG_WARN_OBJC_ROOT_CLASS = YES_ERROR;
				CLANG_WARN_SUSPICIOUS_MOVE = YES;
				CLANG_WARN_UNREACHABLE_CODE = YES;
				CLANG_WARN__DUPLICATE_METHOD_MATCH = YES;
				"CODE_SIGN_IDENTITY[sdk=iphoneos*]" = "iPhone Developer";
				COPY_PHASE_STRIP = NO;
				DEBUG_INFORMATION_FORMAT = "dwarf-with-dsym";
				ENABLE_NS_ASSERTIONS = NO;
				ENABLE_STRICT_OBJC_MSGSEND = YES;
				GCC_C_LANGUAGE_STANDARD = gnu99;
				GCC_NO_COMMON_BLOCKS = YES;
				GCC_WARN_64_TO_32_BIT_CONVERSION = YES;
				GCC_WARN_ABOUT_RETURN_TYPE = YES_ERROR;
				GCC_WARN_UNDECLARED_SELECTOR = YES;
				GCC_WARN_UNINITIALIZED_AUTOS = YES_AGGRESSIVE;
				GCC_WARN_UNUSED_FUNCTION = YES;
				GCC_WARN_UNUSED_VARIABLE = YES;
				IPHONEOS_DEPLOYMENT_TARGET = 10.2;
				MTL_ENABLE_DEBUG_INFO = NO;
				SDKROOT = iphoneos;
				SWIFT_OPTIMIZATION_LEVEL = "-Owholemodule";
				TARGETED_DEVICE_FAMILY = "1,2";
				VALIDATE_PRODUCT = YES;
			};
			name = Release;
		};
		DD0B95381E88B71000DDEA32 /* Debug */ = {
			isa = XCBuildConfiguration;
			buildSettings = {
				ASSETCATALOG_COMPILER_APPICON_NAME = AppIcon;
				DEVELOPMENT_TEAM = 3NLD2967N6;
				INFOPLIST_FILE = JVNavigationControlScene/Info.plist;
				LD_RUNPATH_SEARCH_PATHS = "$(inherited) @executable_path/Frameworks";
				PRODUCT_BUNDLE_IDENTIFIER = com.New.JVNavigationControlScene;
				PRODUCT_NAME = "$(TARGET_NAME)";
				SWIFT_VERSION = 3.0;
			};
			name = Debug;
		};
		DD0B95391E88B71000DDEA32 /* Release */ = {
			isa = XCBuildConfiguration;
			buildSettings = {
				ASSETCATALOG_COMPILER_APPICON_NAME = AppIcon;
				DEVELOPMENT_TEAM = 3NLD2967N6;
				INFOPLIST_FILE = JVNavigationControlScene/Info.plist;
				LD_RUNPATH_SEARCH_PATHS = "$(inherited) @executable_path/Frameworks";
				PRODUCT_BUNDLE_IDENTIFIER = com.New.JVNavigationControlScene;
				PRODUCT_NAME = "$(TARGET_NAME)";
				SWIFT_VERSION = 3.0;
			};
			name = Release;
		};
/* End XCBuildConfiguration section */

/* Begin XCConfigurationList section */
		DD0B95201E88B71000DDEA32 /* Build configuration list for PBXProject "JVNavigationControlScene" */ = {
			isa = XCConfigurationList;
			buildConfigurations = (
				DD0B95351E88B71000DDEA32 /* Debug */,
				DD0B95361E88B71000DDEA32 /* Release */,
			);
			defaultConfigurationIsVisible = 0;
			defaultConfigurationName = Release;
		};
		DD0B95371E88B71000DDEA32 /* Build configuration list for PBXNativeTarget "JVNavigationControlScene" */ = {
			isa = XCConfigurationList;
			buildConfigurations = (
				DD0B95381E88B71000DDEA32 /* Debug */,
				DD0B95391E88B71000DDEA32 /* Release */,
			);
			defaultConfigurationIsVisible = 0;
			defaultConfigurationName = Release;
		};
/* End XCConfigurationList section */
	};
	rootObject = DD0B951D1E88B71000DDEA32 /* Project object */;
}
